
Microsoft Visual Studio Solution File, Format Version 12.00
# Visual Studio Version 17
VisualStudioVersion = 17.1.32421.90
MinimumVisualStudioVersion = 10.0.40219.1
Project("{FAE04EC0-301F-11D3-BF4B-00C04F79EFBC}") = "SecuirtyUI", "SecuirtyUI\SecuirtyUI.csproj", "{52FFA53E-B7BE-4EB8-9A6E-7A5BBFDB6E38}"
EndProject
Global
	GlobalSection(SolutionConfigurationPlatforms) = preSolution
		Debug|Any CPU = Debug|Any CPU
		Release|Any CPU = Release|Any CPU
	EndGlobalSection
	GlobalSection(ProjectConfigurationPlatforms) = postSolution
		{52FFA53E-B7BE-4EB8-9A6E-7A5BBFDB6E38}.Debug|Any CPU.ActiveCfg = Debug|Any CPU
		{52FFA53E-B7BE-4EB8-9A6E-7A5BBFDB6E38}.Debug|Any CPU.Build.0 = Debug|Any CPU
		{52FFA53E-B7BE-4EB8-9A6E-7A5BBFDB6E38}.Release|Any CPU.ActiveCfg = Release|Any CPU
		{52FFA53E-B7BE-4EB8-9A6E-7A5BBFDB6E38}.Release|Any CPU.Build.0 = Release|Any CPU
	EndGlobalSection
	GlobalSection(SolutionProperties) = preSolution
		HideSolutionNode = FALSE
	EndGlobalSection
	GlobalSection(ExtensibilityGlobals) = postSolution
		SolutionGuid = {B9D07B11-EAC1-419C-9996-9ADEE05FBE24}
	EndGlobalSection
EndGlobal
